// !$*UTF8*$!
{
	archiveVersion = 1;
	classes = {
	};
	objectVersion = 56;
	objects = {

/* Begin PBXBuildFile section */
		4326AD382BEE1E2B0062240C /* MovIzzFocusView.swift in Sources */ = {isa = PBXBuildFile; fileRef = 4326AD372BEE1E2B0062240C /* MovIzzFocusView.swift */; };
		43FD30BF2BEA1D8E0015AC9A /* MovEcoApp.swift in Sources */ = {isa = PBXBuildFile; fileRef = 43FD30BE2BEA1D8E0015AC9A /* MovEcoApp.swift */; };
		43FD30C12BEA1D8E0015AC9A /* MapView.swift in Sources */ = {isa = PBXBuildFile; fileRef = 43FD30C02BEA1D8E0015AC9A /* MapView.swift */; };
		43FD30C32BEA1D8E0015AC9A /* Assets.xcassets in Resources */ = {isa = PBXBuildFile; fileRef = 43FD30C22BEA1D8E0015AC9A /* Assets.xcassets */; };
		43FD30C62BEA1D8E0015AC9A /* Preview Assets.xcassets in Resources */ = {isa = PBXBuildFile; fileRef = 43FD30C52BEA1D8E0015AC9A /* Preview Assets.xcassets */; };
		43FD30D12BEA1E450015AC9A /* MapItemDetailsView.swift in Sources */ = {isa = PBXBuildFile; fileRef = 43FD30D02BEA1E450015AC9A /* MapItemDetailsView.swift */; };
		43FD30D52BEA20690015AC9A /* User.swift in Sources */ = {isa = PBXBuildFile; fileRef = 43FD30D42BEA20690015AC9A /* User.swift */; };
		43FD30D72BEA211B0015AC9A /* FormSignView.swift in Sources */ = {isa = PBXBuildFile; fileRef = 43FD30D62BEA211B0015AC9A /* FormSignView.swift */; };
		43FD30DD2BEA4C140015AC9A /* FormLoginView.swift in Sources */ = {isa = PBXBuildFile; fileRef = 43FD30DC2BEA4C140015AC9A /* FormLoginView.swift */; };
		43FD30DF2BEA59030015AC9A /* UserProfilView.swift in Sources */ = {isa = PBXBuildFile; fileRef = 43FD30DE2BEA59030015AC9A /* UserProfilView.swift */; };
		A71F69D72CA1CDCE00140FB0 /* SearchBar.swift in Sources */ = {isa = PBXBuildFile; fileRef = A71F69D62CA1CDCE00140FB0 /* SearchBar.swift */; };
		A71F69DA2CA1CE1800140FB0 /* View.swift in Sources */ = {isa = PBXBuildFile; fileRef = A71F69D92CA1CE1800140FB0 /* View.swift */; };
		A78C59BF2BECD89D00E0930E /* MovIzzView.swift in Sources */ = {isa = PBXBuildFile; fileRef = A78C59BE2BECD89D00E0930E /* MovIzzView.swift */; };
		A79EC9952BEA9D9D0068F997 /* SplashScreenView.swift in Sources */ = {isa = PBXBuildFile; fileRef = A79EC9942BEA9D9D0068F997 /* SplashScreenView.swift */; };
		A7B15DEB2C78D30300C023ED /* MapController.swift in Sources */ = {isa = PBXBuildFile; fileRef = A7B15DEA2C78D30300C023ED /* MapController.swift */; };
/* End PBXBuildFile section */

/* Begin PBXFileReference section */
		4326AD372BEE1E2B0062240C /* MovIzzFocusView.swift */ = {isa = PBXFileReference; lastKnownFileType = sourcecode.swift; path = MovIzzFocusView.swift; sourceTree = "<group>"; };
		43FD30BB2BEA1D8E0015AC9A /* MovEco.app */ = {isa = PBXFileReference; explicitFileType = wrapper.application; includeInIndex = 0; path = MovEco.app; sourceTree = BUILT_PRODUCTS_DIR; };
		43FD30BE2BEA1D8E0015AC9A /* MovEcoApp.swift */ = {isa = PBXFileReference; lastKnownFileType = sourcecode.swift; path = MovEcoApp.swift; sourceTree = "<group>"; };
		43FD30C02BEA1D8E0015AC9A /* MapView.swift */ = {isa = PBXFileReference; lastKnownFileType = sourcecode.swift; path = MapView.swift; sourceTree = "<group>"; };
		43FD30C22BEA1D8E0015AC9A /* Assets.xcassets */ = {isa = PBXFileReference; lastKnownFileType = folder.assetcatalog; path = Assets.xcassets; sourceTree = "<group>"; };
		43FD30C52BEA1D8E0015AC9A /* Preview Assets.xcassets */ = {isa = PBXFileReference; lastKnownFileType = folder.assetcatalog; path = "Preview Assets.xcassets"; sourceTree = "<group>"; };
		43FD30D02BEA1E450015AC9A /* MapItemDetailsView.swift */ = {isa = PBXFileReference; lastKnownFileType = sourcecode.swift; path = MapItemDetailsView.swift; sourceTree = "<group>"; };
		43FD30D42BEA20690015AC9A /* User.swift */ = {isa = PBXFileReference; lastKnownFileType = sourcecode.swift; path = User.swift; sourceTree = "<group>"; };
		43FD30D62BEA211B0015AC9A /* FormSignView.swift */ = {isa = PBXFileReference; lastKnownFileType = sourcecode.swift; path = FormSignView.swift; sourceTree = "<group>"; };
		43FD30DC2BEA4C140015AC9A /* FormLoginView.swift */ = {isa = PBXFileReference; lastKnownFileType = sourcecode.swift; path = FormLoginView.swift; sourceTree = "<group>"; };
		43FD30DE2BEA59030015AC9A /* UserProfilView.swift */ = {isa = PBXFileReference; lastKnownFileType = sourcecode.swift; path = UserProfilView.swift; sourceTree = "<group>"; };
		A71F69D62CA1CDCE00140FB0 /* SearchBar.swift */ = {isa = PBXFileReference; lastKnownFileType = sourcecode.swift; path = SearchBar.swift; sourceTree = "<group>"; };
		A71F69D92CA1CE1800140FB0 /* View.swift */ = {isa = PBXFileReference; lastKnownFileType = sourcecode.swift; path = View.swift; sourceTree = "<group>"; };
		A78C59BE2BECD89D00E0930E /* MovIzzView.swift */ = {isa = PBXFileReference; lastKnownFileType = sourcecode.swift; path = MovIzzView.swift; sourceTree = "<group>"; };
		A79EC9942BEA9D9D0068F997 /* SplashScreenView.swift */ = {isa = PBXFileReference; lastKnownFileType = sourcecode.swift; path = SplashScreenView.swift; sourceTree = "<group>"; };
		A7B15DEA2C78D30300C023ED /* MapController.swift */ = {isa = PBXFileReference; lastKnownFileType = sourcecode.swift; path = MapController.swift; sourceTree = "<group>"; };
/* End PBXFileReference section */

/* Begin PBXFrameworksBuildPhase section */
		43FD30B82BEA1D8E0015AC9A /* Frameworks */ = {
			isa = PBXFrameworksBuildPhase;
			buildActionMask = 2147483647;
			files = (
			);
			runOnlyForDeploymentPostprocessing = 0;
		};
/* End PBXFrameworksBuildPhase section */

/* Begin PBXGroup section */
		43FD30B22BEA1D8E0015AC9A = {
			isa = PBXGroup;
			children = (
				43FD30BD2BEA1D8E0015AC9A /* MovEco */,
				43FD30BC2BEA1D8E0015AC9A /* Products */,
			);
			sourceTree = "<group>";
		};
		43FD30BC2BEA1D8E0015AC9A /* Products */ = {
			isa = PBXGroup;
			children = (
				43FD30BB2BEA1D8E0015AC9A /* MovEco.app */,
			);
			name = Products;
			sourceTree = "<group>";
		};
		43FD30BD2BEA1D8E0015AC9A /* MovEco */ = {
			isa = PBXGroup;
			children = (
				43FD30BE2BEA1D8E0015AC9A /* MovEcoApp.swift */,
				A71F69D82CA1CE0800140FB0 /* Extensions */,
				A71F69D52CA1CDB400140FB0 /* Components */,
				A7B15DD12C78C9A900C023ED /* Assets */,
				A7B15DD22C78CA3000C023ED /* Controllers */,
				43FD30D22BEA20390015AC9A /* Models */,
				43FD30D32BEA20420015AC9A /* Views */,
				43FD30C42BEA1D8E0015AC9A /* Preview Content */,
			);
			path = MovEco;
			sourceTree = "<group>";
		};
		43FD30C42BEA1D8E0015AC9A /* Preview Content */ = {
			isa = PBXGroup;
			children = (
				43FD30C52BEA1D8E0015AC9A /* Preview Assets.xcassets */,
			);
			path = "Preview Content";
			sourceTree = "<group>";
		};
		43FD30D22BEA20390015AC9A /* Models */ = {
			isa = PBXGroup;
			children = (
				43FD30D42BEA20690015AC9A /* User.swift */,
			);
			path = Models;
			sourceTree = "<group>";
		};
		43FD30D32BEA20420015AC9A /* Views */ = {
			isa = PBXGroup;
			children = (
				43FD30C02BEA1D8E0015AC9A /* MapView.swift */,
				43FD30D02BEA1E450015AC9A /* MapItemDetailsView.swift */,
				43FD30DE2BEA59030015AC9A /* UserProfilView.swift */,
				43FD30D62BEA211B0015AC9A /* FormSignView.swift */,
				43FD30DC2BEA4C140015AC9A /* FormLoginView.swift */,
				A79EC9942BEA9D9D0068F997 /* SplashScreenView.swift */,
				A78C59BE2BECD89D00E0930E /* MovIzzView.swift */,
				4326AD372BEE1E2B0062240C /* MovIzzFocusView.swift */,
			);
			path = Views;
			sourceTree = "<group>";
		};
		A71F69D52CA1CDB400140FB0 /* Components */ = {
			isa = PBXGroup;
			children = (
				A71F69D62CA1CDCE00140FB0 /* SearchBar.swift */,
			);
			path = Components;
			sourceTree = "<group>";
		};
		A71F69D82CA1CE0800140FB0 /* Extensions */ = {
			isa = PBXGroup;
			children = (
				A71F69D92CA1CE1800140FB0 /* View.swift */,
			);
			path = Extensions;
			sourceTree = "<group>";
		};
		A7B15DD12C78C9A900C023ED /* Assets */ = {
			isa = PBXGroup;
			children = (
				43FD30C22BEA1D8E0015AC9A /* Assets.xcassets */,
			);
			path = Assets;
			sourceTree = "<group>";
		};
		A7B15DD22C78CA3000C023ED /* Controllers */ = {
			isa = PBXGroup;
			children = (
				A7B15DEA2C78D30300C023ED /* MapController.swift */,
			);
			path = Controllers;
			sourceTree = "<group>";
		};
/* End PBXGroup section */

/* Begin PBXNativeTarget section */
		43FD30BA2BEA1D8E0015AC9A /* MovEco */ = {
			isa = PBXNativeTarget;
			buildConfigurationList = 43FD30C92BEA1D8E0015AC9A /* Build configuration list for PBXNativeTarget "MovEco" */;
			buildPhases = (
				43FD30B72BEA1D8E0015AC9A /* Sources */,
				43FD30B82BEA1D8E0015AC9A /* Frameworks */,
				43FD30B92BEA1D8E0015AC9A /* Resources */,
			);
			buildRules = (
			);
			dependencies = (
			);
			name = MovEco;
			productName = MovEco;
			productReference = 43FD30BB2BEA1D8E0015AC9A /* MovEco.app */;
			productType = "com.apple.product-type.application";
		};
/* End PBXNativeTarget section */

/* Begin PBXProject section */
		43FD30B32BEA1D8E0015AC9A /* Project object */ = {
			isa = PBXProject;
			attributes = {
				BuildIndependentTargetsInParallel = 1;
				LastSwiftUpdateCheck = 1530;
				LastUpgradeCheck = 1530;
				TargetAttributes = {
					43FD30BA2BEA1D8E0015AC9A = {
						CreatedOnToolsVersion = 15.3;
					};
				};
			};
			buildConfigurationList = 43FD30B62BEA1D8E0015AC9A /* Build configuration list for PBXProject "MovEco" */;
			compatibilityVersion = "Xcode 14.0";
			developmentRegion = en;
			hasScannedForEncodings = 0;
			knownRegions = (
				en,
				Base,
			);
			mainGroup = 43FD30B22BEA1D8E0015AC9A;
			productRefGroup = 43FD30BC2BEA1D8E0015AC9A /* Products */;
			projectDirPath = "";
			projectRoot = "";
			targets = (
				43FD30BA2BEA1D8E0015AC9A /* MovEco */,
			);
		};
/* End PBXProject section */

/* Begin PBXResourcesBuildPhase section */
		43FD30B92BEA1D8E0015AC9A /* Resources */ = {
			isa = PBXResourcesBuildPhase;
			buildActionMask = 2147483647;
			files = (
				43FD30C62BEA1D8E0015AC9A /* Preview Assets.xcassets in Resources */,
				43FD30C32BEA1D8E0015AC9A /* Assets.xcassets in Resources */,
			);
			runOnlyForDeploymentPostprocessing = 0;
		};
/* End PBXResourcesBuildPhase section */

/* Begin PBXSourcesBuildPhase section */
		43FD30B72BEA1D8E0015AC9A /* Sources */ = {
			isa = PBXSourcesBuildPhase;
			buildActionMask = 2147483647;
			files = (
				A71F69DA2CA1CE1800140FB0 /* View.swift in Sources */,
				A79EC9952BEA9D9D0068F997 /* SplashScreenView.swift in Sources */,
				A78C59BF2BECD89D00E0930E /* MovIzzView.swift in Sources */,
				4326AD382BEE1E2B0062240C /* MovIzzFocusView.swift in Sources */,
				43FD30D72BEA211B0015AC9A /* FormSignView.swift in Sources */,
				A7B15DEB2C78D30300C023ED /* MapController.swift in Sources */,
				A71F69D72CA1CDCE00140FB0 /* SearchBar.swift in Sources */,
				43FD30DD2BEA4C140015AC9A /* FormLoginView.swift in Sources */,
				43FD30DF2BEA59030015AC9A /* UserProfilView.swift in Sources */,
				43FD30C12BEA1D8E0015AC9A /* MapView.swift in Sources */,
				43FD30D12BEA1E450015AC9A /* MapItemDetailsView.swift in Sources */,
				43FD30BF2BEA1D8E0015AC9A /* MovEcoApp.swift in Sources */,
				43FD30D52BEA20690015AC9A /* User.swift in Sources */,
			);
			runOnlyForDeploymentPostprocessing = 0;
		};
/* End PBXSourcesBuildPhase section */

/* Begin XCBuildConfiguration section */
		43FD30C72BEA1D8E0015AC9A /* Debug */ = {
			isa = XCBuildConfiguration;
			buildSettings = {
				ALWAYS_SEARCH_USER_PATHS = NO;
				ASSETCATALOG_COMPILER_GENERATE_SWIFT_ASSET_SYMBOL_EXTENSIONS = YES;
				CLANG_ANALYZER_NONNULL = YES;
				CLANG_ANALYZER_NUMBER_OBJECT_CONVERSION = YES_AGGRESSIVE;
				CLANG_CXX_LANGUAGE_STANDARD = "gnu++20";
				CLANG_ENABLE_MODULES = YES;
				CLANG_ENABLE_OBJC_ARC = YES;
				CLANG_ENABLE_OBJC_WEAK = YES;
				CLANG_WARN_BLOCK_CAPTURE_AUTORELEASING = YES;
				CLANG_WARN_BOOL_CONVERSION = YES;
				CLANG_WARN_COMMA = YES;
				CLANG_WARN_CONSTANT_CONVERSION = YES;
				CLANG_WARN_DEPRECATED_OBJC_IMPLEMENTATIONS = YES;
				CLANG_WARN_DIRECT_OBJC_ISA_USAGE = YES_ERROR;
				CLANG_WARN_DOCUMENTATION_COMMENTS = YES;
				CLANG_WARN_EMPTY_BODY = YES;
				CLANG_WARN_ENUM_CONVERSION = YES;
				CLANG_WARN_INFINITE_RECURSION = YES;
				CLANG_WARN_INT_CONVERSION = YES;
				CLANG_WARN_NON_LITERAL_NULL_CONVERSION = YES;
				CLANG_WARN_OBJC_IMPLICIT_RETAIN_SELF = YES;
				CLANG_WARN_OBJC_LITERAL_CONVERSION = YES;
				CLANG_WARN_OBJC_ROOT_CLASS = YES_ERROR;
				CLANG_WARN_QUOTED_INCLUDE_IN_FRAMEWORK_HEADER = YES;
				CLANG_WARN_RANGE_LOOP_ANALYSIS = YES;
				CLANG_WARN_STRICT_PROTOTYPES = YES;
				CLANG_WARN_SUSPICIOUS_MOVE = YES;
				CLANG_WARN_UNGUARDED_AVAILABILITY = YES_AGGRESSIVE;
				CLANG_WARN_UNREACHABLE_CODE = YES;
				CLANG_WARN__DUPLICATE_METHOD_MATCH = YES;
				COPY_PHASE_STRIP = NO;
				DEBUG_INFORMATION_FORMAT = dwarf;
				ENABLE_STRICT_OBJC_MSGSEND = YES;
				ENABLE_TESTABILITY = YES;
				ENABLE_USER_SCRIPT_SANDBOXING = YES;
				GCC_C_LANGUAGE_STANDARD = gnu17;
				GCC_DYNAMIC_NO_PIC = NO;
				GCC_NO_COMMON_BLOCKS = YES;
				GCC_OPTIMIZATION_LEVEL = 0;
				GCC_PREPROCESSOR_DEFINITIONS = (
					"DEBUG=1",
					"$(inherited)",
				);
				GCC_WARN_64_TO_32_BIT_CONVERSION = YES;
				GCC_WARN_ABOUT_RETURN_TYPE = YES_ERROR;
				GCC_WARN_UNDECLARED_SELECTOR = YES;
				GCC_WARN_UNINITIALIZED_AUTOS = YES_AGGRESSIVE;
				GCC_WARN_UNUSED_FUNCTION = YES;
				GCC_WARN_UNUSED_VARIABLE = YES;
				IPHONEOS_DEPLOYMENT_TARGET = 17.4;
				LOCALIZATION_PREFERS_STRING_CATALOGS = YES;
				MTL_ENABLE_DEBUG_INFO = INCLUDE_SOURCE;
				MTL_FAST_MATH = YES;
				ONLY_ACTIVE_ARCH = YES;
				SDKROOT = iphoneos;
				SWIFT_ACTIVE_COMPILATION_CONDITIONS = "DEBUG $(inherited)";
				SWIFT_OPTIMIZATION_LEVEL = "-Onone";
			};
			name = Debug;
		};
		43FD30C82BEA1D8E0015AC9A /* Release */ = {
			isa = XCBuildConfiguration;
			buildSettings = {
				ALWAYS_SEARCH_USER_PATHS = NO;
				ASSETCATALOG_COMPILER_GENERATE_SWIFT_ASSET_SYMBOL_EXTENSIONS = YES;
				CLANG_ANALYZER_NONNULL = YES;
				CLANG_ANALYZER_NUMBER_OBJECT_CONVERSION = YES_AGGRESSIVE;
				CLANG_CXX_LANGUAGE_STANDARD = "gnu++20";
				CLANG_ENABLE_MODULES = YES;
				CLANG_ENABLE_OBJC_ARC = YES;
				CLANG_ENABLE_OBJC_WEAK = YES;
				CLANG_WARN_BLOCK_CAPTURE_AUTORELEASING = YES;
				CLANG_WARN_BOOL_CONVERSION = YES;
				CLANG_WARN_COMMA = YES;
				CLANG_WARN_CONSTANT_CONVERSION = YES;
				CLANG_WARN_DEPRECATED_OBJC_IMPLEMENTATIONS = YES;
				CLANG_WARN_DIRECT_OBJC_ISA_USAGE = YES_ERROR;
				CLANG_WARN_DOCUMENTATION_COMMENTS = YES;
				CLANG_WARN_EMPTY_BODY = YES;
				CLANG_WARN_ENUM_CONVERSION = YES;
				CLANG_WARN_INFINITE_RECURSION = YES;
				CLANG_WARN_INT_CONVERSION = YES;
				CLANG_WARN_NON_LITERAL_NULL_CONVERSION = YES;
				CLANG_WARN_OBJC_IMPLICIT_RETAIN_SELF = YES;
				CLANG_WARN_OBJC_LITERAL_CONVERSION = YES;
				CLANG_WARN_OBJC_ROOT_CLASS = YES_ERROR;
				CLANG_WARN_QUOTED_INCLUDE_IN_FRAMEWORK_HEADER = YES;
				CLANG_WARN_RANGE_LOOP_ANALYSIS = YES;
				CLANG_WARN_STRICT_PROTOTYPES = YES;
				CLANG_WARN_SUSPICIOUS_MOVE = YES;
				CLANG_WARN_UNGUARDED_AVAILABILITY = YES_AGGRESSIVE;
				CLANG_WARN_UNREACHABLE_CODE = YES;
				CLANG_WARN__DUPLICATE_METHOD_MATCH = YES;
				COPY_PHASE_STRIP = NO;
				DEBUG_INFORMATION_FORMAT = "dwarf-with-dsym";
				ENABLE_NS_ASSERTIONS = NO;
				ENABLE_STRICT_OBJC_MSGSEND = YES;
				ENABLE_USER_SCRIPT_SANDBOXING = YES;
				GCC_C_LANGUAGE_STANDARD = gnu17;
				GCC_NO_COMMON_BLOCKS = YES;
				GCC_WARN_64_TO_32_BIT_CONVERSION = YES;
				GCC_WARN_ABOUT_RETURN_TYPE = YES_ERROR;
				GCC_WARN_UNDECLARED_SELECTOR = YES;
				GCC_WARN_UNINITIALIZED_AUTOS = YES_AGGRESSIVE;
				GCC_WARN_UNUSED_FUNCTION = YES;
				GCC_WARN_UNUSED_VARIABLE = YES;
				IPHONEOS_DEPLOYMENT_TARGET = 17.4;
				LOCALIZATION_PREFERS_STRING_CATALOGS = YES;
				MTL_ENABLE_DEBUG_INFO = NO;
				MTL_FAST_MATH = YES;
				SDKROOT = iphoneos;
				SWIFT_COMPILATION_MODE = wholemodule;
				VALIDATE_PRODUCT = YES;
			};
			name = Release;
		};
		43FD30CA2BEA1D8E0015AC9A /* Debug */ = {
			isa = XCBuildConfiguration;
			buildSettings = {
				ASSETCATALOG_COMPILER_APPICON_NAME = AppIcon;
				ASSETCATALOG_COMPILER_GLOBAL_ACCENT_COLOR_NAME = AccentColor;
				ASSETCATALOG_COMPILER_INCLUDE_ALL_APPICON_ASSETS = YES;
				CODE_SIGN_STYLE = Automatic;
				CURRENT_PROJECT_VERSION = 1;
				DEVELOPMENT_ASSET_PATHS = "\"MovEco/Preview Content\"";
				DEVELOPMENT_TEAM = 5YH873AVKF;
				ENABLE_PREVIEWS = YES;
				GENERATE_INFOPLIST_FILE = YES;
				INFOPLIST_FILE = MovEco/Info.plist;
				INFOPLIST_KEY_NSLocationWhenInUseUsageDescription = "Show the user location";
				INFOPLIST_KEY_UIApplicationSceneManifest_Generation = YES;
				INFOPLIST_KEY_UIApplicationSupportsIndirectInputEvents = YES;
				INFOPLIST_KEY_UILaunchScreen_Generation = YES;
				INFOPLIST_KEY_UILaunchStoryboardName = LaunchImage;
				INFOPLIST_KEY_UISupportedInterfaceOrientations_iPad = "UIInterfaceOrientationPortrait UIInterfaceOrientationPortraitUpsideDown UIInterfaceOrientationLandscapeLeft UIInterfaceOrientationLandscapeRight";
				INFOPLIST_KEY_UISupportedInterfaceOrientations_iPhone = "UIInterfaceOrientationPortrait UIInterfaceOrientationLandscapeLeft UIInterfaceOrientationLandscapeRight";
				LD_RUNPATH_SEARCH_PATHS = (
					"$(inherited)",
					"@executable_path/Frameworks",
				);
				MARKETING_VERSION = 1.0;
				PRODUCT_BUNDLE_IDENTIFIER = ViranaikenJessy.MovEco;
				PRODUCT_NAME = "$(TARGET_NAME)";
				SWIFT_EMIT_LOC_STRINGS = YES;
				SWIFT_VERSION = 5.0;
				TARGETED_DEVICE_FAMILY = "1,2";
			};
			name = Debug;
		};
		43FD30CB2BEA1D8E0015AC9A /* Release */ = {
			isa = XCBuildConfiguration;
			buildSettings = {
				ASSETCATALOG_COMPILER_APPICON_NAME = AppIcon;
				ASSETCATALOG_COMPILER_GLOBAL_ACCENT_COLOR_NAME = AccentColor;
				ASSETCATALOG_COMPILER_INCLUDE_ALL_APPICON_ASSETS = YES;
				CODE_SIGN_STYLE = Automatic;
				CURRENT_PROJECT_VERSION = 1;
				DEVELOPMENT_ASSET_PATHS = "\"MovEco/Preview Content\"";
				DEVELOPMENT_TEAM = 5YH873AVKF;
				ENABLE_PREVIEWS = YES;
				GENERATE_INFOPLIST_FILE = YES;
				INFOPLIST_FILE = MovEco/Info.plist;
				INFOPLIST_KEY_NSLocationWhenInUseUsageDescription = "Show the user location";
				INFOPLIST_KEY_UIApplicationSceneManifest_Generation = YES;
				INFOPLIST_KEY_UIApplicationSupportsIndirectInputEvents = YES;
				INFOPLIST_KEY_UILaunchScreen_Generation = YES;
				INFOPLIST_KEY_UILaunchStoryboardName = LaunchImage;
				INFOPLIST_KEY_UISupportedInterfaceOrientations_iPad = "UIInterfaceOrientationPortrait UIInterfaceOrientationPortraitUpsideDown UIInterfaceOrientationLandscapeLeft UIInterfaceOrientationLandscapeRight";
				INFOPLIST_KEY_UISupportedInterfaceOrientations_iPhone = "UIInterfaceOrientationPortrait UIInterfaceOrientationLandscapeLeft UIInterfaceOrientationLandscapeRight";
				LD_RUNPATH_SEARCH_PATHS = (
					"$(inherited)",
					"@executable_path/Frameworks",
				);
				MARKETING_VERSION = 1.0;
				PRODUCT_BUNDLE_IDENTIFIER = ViranaikenJessy.MovEco;
				PRODUCT_NAME = "$(TARGET_NAME)";
				SWIFT_EMIT_LOC_STRINGS = YES;
				SWIFT_VERSION = 5.0;
				TARGETED_DEVICE_FAMILY = "1,2";
			};
			name = Release;
		};
/* End XCBuildConfiguration section */

/* Begin XCConfigurationList section */
		43FD30B62BEA1D8E0015AC9A /* Build configuration list for PBXProject "MovEco" */ = {
			isa = XCConfigurationList;
			buildConfigurations = (
				43FD30C72BEA1D8E0015AC9A /* Debug */,
				43FD30C82BEA1D8E0015AC9A /* Release */,
			);
			defaultConfigurationIsVisible = 0;
			defaultConfigurationName = Release;
		};
		43FD30C92BEA1D8E0015AC9A /* Build configuration list for PBXNativeTarget "MovEco" */ = {
			isa = XCConfigurationList;
			buildConfigurations = (
				43FD30CA2BEA1D8E0015AC9A /* Debug */,
				43FD30CB2BEA1D8E0015AC9A /* Release */,
			);
			defaultConfigurationIsVisible = 0;
			defaultConfigurationName = Release;
		};
/* End XCConfigurationList section */
	};
	rootObject = 43FD30B32BEA1D8E0015AC9A /* Project object */;
}
